
Microsoft Visual Studio Solution File, Format Version 10.00
# Visual Studio 2008
Project("{FAE04EC0-301F-11D3-BF4B-00C04F79EFBC}") = "TaikodomStats.DataSL", "TaikodomStats.DataSL\TaikodomStats.DataSL.csproj", "{FBAB0F44-2851-463B-87BD-9DE240EEAC93}"
EndProject
Project("{FAE04EC0-301F-11D3-BF4B-00C04F79EFBC}") = "TaikodomStats", "TaikodomStats\TaikodomStats.csproj", "{0CCE5498-E280-4BBB-8B4D-D94E4A0430F0}"
EndProject
Global
	GlobalSection(SubversionScc) = preSolution
		Svn-Managed = True
		Manager = AnkhSVN - Subversion Support for Visual Studio
	EndGlobalSection
	GlobalSection(SolutionConfigurationPlatforms) = preSolution
		Debug|Any CPU = Debug|Any CPU
		Release|Any CPU = Release|Any CPU
	EndGlobalSection
	GlobalSection(ProjectConfigurationPlatforms) = postSolution
		{FBAB0F44-2851-463B-87BD-9DE240EEAC93}.Debug|Any CPU.ActiveCfg = Debug|Any CPU
		{FBAB0F44-2851-463B-87BD-9DE240EEAC93}.Debug|Any CPU.Build.0 = Debug|Any CPU
		{FBAB0F44-2851-463B-87BD-9DE240EEAC93}.Release|Any CPU.ActiveCfg = Release|Any CPU
		{FBAB0F44-2851-463B-87BD-9DE240EEAC93}.Release|Any CPU.Build.0 = Release|Any CPU
		{0CCE5498-E280-4BBB-8B4D-D94E4A0430F0}.Debug|Any CPU.ActiveCfg = Debug|Any CPU
		{0CCE5498-E280-4BBB-8B4D-D94E4A0430F0}.Debug|Any CPU.Build.0 = Debug|Any CPU
		{0CCE5498-E280-4BBB-8B4D-D94E4A0430F0}.Release|Any CPU.ActiveCfg = Release|Any CPU
		{0CCE5498-E280-4BBB-8B4D-D94E4A0430F0}.Release|Any CPU.Build.0 = Release|Any CPU
	EndGlobalSection
	GlobalSection(SolutionProperties) = preSolution
		HideSolutionNode = FALSE
	EndGlobalSection
EndGlobal
